
Microsoft Visual Studio Solution File, Format Version 12.00
# Visual Studio Version 17
VisualStudioVersion = 17.0.31903.59
MinimumVisualStudioVersion = 10.0.40219.1
Project("{2150E333-8FDC-42A3-9474-1A3956D46DE8}") = "src", "src", "{827E0CD3-B72D-47B6-A68D-7590B98EB39B}"
EndProject
Project("{FAE04EC0-301F-11D3-BF4B-00C04F79EFBC}") = "HisabFlow.Domain", "src\HisabFlow.Domain\HisabFlow.Domain.csproj", "{E7D69E72-D075-4F36-A9FA-F04279D9FE0B}"
EndProject
Project("{FAE04EC0-301F-11D3-BF4B-00C04F79EFBC}") = "HisabFlow.Application", "src\HisabFlow.Application\HisabFlow.Application.csproj", "{65016A18-CF25-4221-9DC3-E1642A833AB3}"
EndProject
Project("{FAE04EC0-301F-11D3-BF4B-00C04F79EFBC}") = "HisabFlow.Infrastructure", "src\HisabFlow.Infrastructure\HisabFlow.Infrastructure.csproj", "{77F5AAB3-FFFA-475A-9E94-E8DD4C1ED7E2}"
EndProject
Project("{FAE04EC0-301F-11D3-BF4B-00C04F79EFBC}") = "HisabFlow.Api", "src\HisabFlow.Api\HisabFlow.Api.csproj", "{E3E71367-46E8-4B43-91F1-AE8B285C05BF}"
EndProject
Project("{2150E333-8FDC-42A3-9474-1A3956D46DE8}") = "tests", "tests", "{0AB3BF05-4346-4AA6-1389-037BE0695223}"
EndProject
Project("{FAE04EC0-301F-11D3-BF4B-00C04F79EFBC}") = "HisabFlow.Tests", "tests\HisabFlow.Tests\HisabFlow.Tests.csproj", "{FC397AEE-8ECD-4920-A8AA-DB05BDF30A8D}"
EndProject
Global
	GlobalSection(SolutionConfigurationPlatforms) = preSolution
		Debug|Any CPU = Debug|Any CPU
		Debug|x64 = Debug|x64
		Debug|x86 = Debug|x86
		Release|Any CPU = Release|Any CPU
		Release|x64 = Release|x64
		Release|x86 = Release|x86
	EndGlobalSection
	GlobalSection(ProjectConfigurationPlatforms) = postSolution
		{E7D69E72-D075-4F36-A9FA-F04279D9FE0B}.Debug|Any CPU.ActiveCfg = Debug|Any CPU
		{E7D69E72-D075-4F36-A9FA-F04279D9FE0B}.Debug|Any CPU.Build.0 = Debug|Any CPU
		{E7D69E72-D075-4F36-A9FA-F04279D9FE0B}.Debug|x64.ActiveCfg = Debug|Any CPU
		{E7D69E72-D075-4F36-A9FA-F04279D9FE0B}.Debug|x64.Build.0 = Debug|Any CPU
		{E7D69E72-D075-4F36-A9FA-F04279D9FE0B}.Debug|x86.ActiveCfg = Debug|Any CPU
		{E7D69E72-D075-4F36-A9FA-F04279D9FE0B}.Debug|x86.Build.0 = Debug|Any CPU
		{E7D69E72-D075-4F36-A9FA-F04279D9FE0B}.Release|Any CPU.ActiveCfg = Release|Any CPU
		{E7D69E72-D075-4F36-A9FA-F04279D9FE0B}.Release|Any CPU.Build.0 = Release|Any CPU
		{E7D69E72-D075-4F36-A9FA-F04279D9FE0B}.Release|x64.ActiveCfg = Release|Any CPU
		{E7D69E72-D075-4F36-A9FA-F04279D9FE0B}.Release|x64.Build.0 = Release|Any CPU
		{E7D69E72-D075-4F36-A9FA-F04279D9FE0B}.Release|x86.ActiveCfg = Release|Any CPU
		{E7D69E72-D075-4F36-A9FA-F04279D9FE0B}.Release|x86.Build.0 = Release|Any CPU
		{65016A18-CF25-4221-9DC3-E1642A833AB3}.Debug|Any CPU.ActiveCfg = Debug|Any CPU
		{65016A18-CF25-4221-9DC3-E1642A833AB3}.Debug|Any CPU.Build.0 = Debug|Any CPU
		{65016A18-CF25-4221-9DC3-E1642A833AB3}.Debug|x64.ActiveCfg = Debug|Any CPU
		{65016A18-CF25-4221-9DC3-E1642A833AB3}.Debug|x64.Build.0 = Debug|Any CPU
		{65016A18-CF25-4221-9DC3-E1642A833AB3}.Debug|x86.ActiveCfg = Debug|Any CPU
		{65016A18-CF25-4221-9DC3-E1642A833AB3}.Debug|x86.Build.0 = Debug|Any CPU
		{65016A18-CF25-4221-9DC3-E1642A833AB3}.Release|Any CPU.ActiveCfg = Release|Any CPU
		{65016A18-CF25-4221-9DC3-E1642A833AB3}.Release|Any CPU.Build.0 = Release|Any CPU
		{65016A18-CF25-4221-9DC3-E1642A833AB3}.Release|x64.ActiveCfg = Release|Any CPU
		{65016A18-CF25-4221-9DC3-E1642A833AB3}.Release|x64.Build.0 = Release|Any CPU
		{65016A18-CF25-4221-9DC3-E1642A833AB3}.Release|x86.ActiveCfg = Release|Any CPU
		{65016A18-CF25-4221-9DC3-E1642A833AB3}.Release|x86.Build.0 = Release|Any CPU
		{77F5AAB3-FFFA-475A-9E94-E8DD4C1ED7E2}.Debug|Any CPU.ActiveCfg = Debug|Any CPU
		{77F5AAB3-FFFA-475A-9E94-E8DD4C1ED7E2}.Debug|Any CPU.Build.0 = Debug|Any CPU
		{77F5AAB3-FFFA-475A-9E94-E8DD4C1ED7E2}.Debug|x64.ActiveCfg = Debug|Any CPU
		{77F5AAB3-FFFA-475A-9E94-E8DD4C1ED7E2}.Debug|x64.Build.0 = Debug|Any CPU
		{77F5AAB3-FFFA-475A-9E94-E8DD4C1ED7E2}.Debug|x86.ActiveCfg = Debug|Any CPU
		{77F5AAB3-FFFA-475A-9E94-E8DD4C1ED7E2}.Debug|x86.Build.0 = Debug|Any CPU
		{77F5AAB3-FFFA-475A-9E94-E8DD4C1ED7E2}.Release|Any CPU.ActiveCfg = Release|Any CPU
		{77F5AAB3-FFFA-475A-9E94-E8DD4C1ED7E2}.Release|Any CPU.Build.0 = Release|Any CPU
		{77F5AAB3-FFFA-475A-9E94-E8DD4C1ED7E2}.Release|x64.ActiveCfg = Release|Any CPU
		{77F5AAB3-FFFA-475A-9E94-E8DD4C1ED7E2}.Release|x64.Build.0 = Release|Any CPU
		{77F5AAB3-FFFA-475A-9E94-E8DD4C1ED7E2}.Release|x86.ActiveCfg = Release|Any CPU
		{77F5AAB3-FFFA-475A-9E94-E8DD4C1ED7E2}.Release|x86.Build.0 = Release|Any CPU
		{E3E71367-46E8-4B43-91F1-AE8B285C05BF}.Debug|Any CPU.ActiveCfg = Debug|Any CPU
		{E3E71367-46E8-4B43-91F1-AE8B285C05BF}.Debug|Any CPU.Build.0 = Debug|Any CPU
		{E3E71367-46E8-4B43-91F1-AE8B285C05BF}.Debug|x64.ActiveCfg = Debug|Any CPU
		{E3E71367-46E8-4B43-91F1-AE8B285C05BF}.Debug|x64.Build.0 = Debug|Any CPU
		{E3E71367-46E8-4B43-91F1-AE8B285C05BF}.Debug|x86.ActiveCfg = Debug|Any CPU
		{E3E71367-46E8-4B43-91F1-AE8B285C05BF}.Debug|x86.Build.0 = Debug|Any CPU
		{E3E71367-46E8-4B43-91F1-AE8B285C05BF}.Release|Any CPU.ActiveCfg = Release|Any CPU
		{E3E71367-46E8-4B43-91F1-AE8B285C05BF}.Release|Any CPU.Build.0 = Release|Any CPU
		{E3E71367-46E8-4B43-91F1-AE8B285C05BF}.Release|x64.ActiveCfg = Release|Any CPU
		{E3E71367-46E8-4B43-91F1-AE8B285C05BF}.Release|x64.Build.0 = Release|Any CPU
		{E3E71367-46E8-4B43-91F1-AE8B285C05BF}.Release|x86.ActiveCfg = Release|Any CPU
		{E3E71367-46E8-4B43-91F1-AE8B285C05BF}.Release|x86.Build.0 = Release|Any CPU
		{FC397AEE-8ECD-4920-A8AA-DB05BDF30A8D}.Debug|Any CPU.ActiveCfg = Debug|Any CPU
		{FC397AEE-8ECD-4920-A8AA-DB05BDF30A8D}.Debug|Any CPU.Build.0 = Debug|Any CPU
		{FC397AEE-8ECD-4920-A8AA-DB05BDF30A8D}.Debug|x64.ActiveCfg = Debug|Any CPU
		{FC397AEE-8ECD-4920-A8AA-DB05BDF30A8D}.Debug|x64.Build.0 = Debug|Any CPU
		{FC397AEE-8ECD-4920-A8AA-DB05BDF30A8D}.Debug|x86.ActiveCfg = Debug|Any CPU
		{FC397AEE-8ECD-4920-A8AA-DB05BDF30A8D}.Debug|x86.Build.0 = Debug|Any CPU
		{FC397AEE-8ECD-4920-A8AA-DB05BDF30A8D}.Release|Any CPU.ActiveCfg = Release|Any CPU
		{FC397AEE-8ECD-4920-A8AA-DB05BDF30A8D}.Release|Any CPU.Build.0 = Release|Any CPU
		{FC397AEE-8ECD-4920-A8AA-DB05BDF30A8D}.Release|x64.ActiveCfg = Release|Any CPU
		{FC397AEE-8ECD-4920-A8AA-DB05BDF30A8D}.Release|x64.Build.0 = Release|Any CPU
		{FC397AEE-8ECD-4920-A8AA-DB05BDF30A8D}.Release|x86.ActiveCfg = Release|Any CPU
		{FC397AEE-8ECD-4920-A8AA-DB05BDF30A8D}.Release|x86.Build.0 = Release|Any CPU
	EndGlobalSection
	GlobalSection(SolutionProperties) = preSolution
		HideSolutionNode = FALSE
	EndGlobalSection
	GlobalSection(NestedProjects) = preSolution
		{E7D69E72-D075-4F36-A9FA-F04279D9FE0B} = {827E0CD3-B72D-47B6-A68D-7590B98EB39B}
		{65016A18-CF25-4221-9DC3-E1642A833AB3} = {827E0CD3-B72D-47B6-A68D-7590B98EB39B}
		{77F5AAB3-FFFA-475A-9E94-E8DD4C1ED7E2} = {827E0CD3-B72D-47B6-A68D-7590B98EB39B}
		{E3E71367-46E8-4B43-91F1-AE8B285C05BF} = {827E0CD3-B72D-47B6-A68D-7590B98EB39B}
		{FC397AEE-8ECD-4920-A8AA-DB05BDF30A8D} = {0AB3BF05-4346-4AA6-1389-037BE0695223}
	EndGlobalSection
EndGlobal
